// !$*UTF8*$!
{
	archiveVersion = 1;
	classes = {
	};
	objectVersion = 51;
	objects = {

/* Begin PBXBuildFile section */
		6A66590F2775991A005A8925 /* AppDelegate.swift in Sources */ = {isa = PBXBuildFile; fileRef = 6A66590E2775991A005A8925 /* AppDelegate.swift */; };
		6A6659132775991A005A8925 /* ViewController.swift in Sources */ = {isa = PBXBuildFile; fileRef = 6A6659122775991A005A8925 /* ViewController.swift */; };
		6A6659162775991A005A8925 /* Main.storyboard in Resources */ = {isa = PBXBuildFile; fileRef = 6A6659142775991A005A8925 /* Main.storyboard */; };
		6A66591827759920005A8925 /* Assets.xcassets in Resources */ = {isa = PBXBuildFile; fileRef = 6A66591727759920005A8925 /* Assets.xcassets */; };
		6A66591B27759920005A8925 /* LaunchScreen.storyboard in Resources */ = {isa = PBXBuildFile; fileRef = 6A66591927759920005A8925 /* LaunchScreen.storyboard */; };
		6A6659272775A34E005A8925 /* MZPickerView.swift in Sources */ = {isa = PBXBuildFile; fileRef = 6A6659262775A34E005A8925 /* MZPickerView.swift */; };
		6A6659292775ACCE005A8925 /* MZPickerProtocol.swift in Sources */ = {isa = PBXBuildFile; fileRef = 6A6659282775ACCE005A8925 /* MZPickerProtocol.swift */; };
		6A66592B2775B160005A8925 /* MZPickerCell.swift in Sources */ = {isa = PBXBuildFile; fileRef = 6A66592A2775B160005A8925 /* MZPickerCell.swift */; };
		6A66592D277956C4005A8925 /* MZPickerController.swift in Sources */ = {isa = PBXBuildFile; fileRef = 6A66592C277956C3005A8925 /* MZPickerController.swift */; };
		6A66592F2779919B005A8925 /* MZPickerControllerProtocol.swift in Sources */ = {isa = PBXBuildFile; fileRef = 6A66592E2779919B005A8925 /* MZPickerControllerProtocol.swift */; };
		6A66593127799C75005A8925 /* MZDatePickerView.swift in Sources */ = {isa = PBXBuildFile; fileRef = 6A66593027799C75005A8925 /* MZDatePickerView.swift */; };
		6A6659332779A789005A8925 /* MZDateUitl.swift in Sources */ = {isa = PBXBuildFile; fileRef = 6A6659322779A789005A8925 /* MZDateUitl.swift */; };
		6A665935277AC065005A8925 /* MZDatePickerController.swift in Sources */ = {isa = PBXBuildFile; fileRef = 6A665934277AC065005A8925 /* MZDatePickerController.swift */; };
		D2C158B0CD0E1FB69D3000A7 /* Pods_MZDatePicker.framework in Frameworks */ = {isa = PBXBuildFile; fileRef = 914F5344C60617438C3D3970 /* Pods_MZDatePicker.framework */; };
/* End PBXBuildFile section */

/* Begin PBXFileReference section */
		57709D8244FFE358974E60AF /* Pods-MZDatePicker.debug.xcconfig */ = {isa = PBXFileReference; includeInIndex = 1; lastKnownFileType = text.xcconfig; name = "Pods-MZDatePicker.debug.xcconfig"; path = "Target Support Files/Pods-MZDatePicker/Pods-MZDatePicker.debug.xcconfig"; sourceTree = "<group>"; };
		6A66590B2775991A005A8925 /* MZDatePicker.app */ = {isa = PBXFileReference; explicitFileType = wrapper.application; includeInIndex = 0; path = MZDatePicker.app; sourceTree = BUILT_PRODUCTS_DIR; };
		6A66590E2775991A005A8925 /* AppDelegate.swift */ = {isa = PBXFileReference; lastKnownFileType = sourcecode.swift; path = AppDelegate.swift; sourceTree = "<group>"; };
		6A6659122775991A005A8925 /* ViewController.swift */ = {isa = PBXFileReference; lastKnownFileType = sourcecode.swift; path = ViewController.swift; sourceTree = "<group>"; };
		6A6659152775991A005A8925 /* Base */ = {isa = PBXFileReference; lastKnownFileType = file.storyboard; name = Base; path = Base.lproj/Main.storyboard; sourceTree = "<group>"; };
		6A66591727759920005A8925 /* Assets.xcassets */ = {isa = PBXFileReference; lastKnownFileType = folder.assetcatalog; path = Assets.xcassets; sourceTree = "<group>"; };
		6A66591A27759920005A8925 /* Base */ = {isa = PBXFileReference; lastKnownFileType = file.storyboard; name = Base; path = Base.lproj/LaunchScreen.storyboard; sourceTree = "<group>"; };
		6A66591C27759920005A8925 /* Info.plist */ = {isa = PBXFileReference; lastKnownFileType = text.plist.xml; path = Info.plist; sourceTree = "<group>"; };
		6A6659232775995D005A8925 /* MZDatePicker.h */ = {isa = PBXFileReference; lastKnownFileType = sourcecode.c.h; path = MZDatePicker.h; sourceTree = "<group>"; };
		6A6659262775A34E005A8925 /* MZPickerView.swift */ = {isa = PBXFileReference; lastKnownFileType = sourcecode.swift; path = MZPickerView.swift; sourceTree = "<group>"; };
		6A6659282775ACCE005A8925 /* MZPickerProtocol.swift */ = {isa = PBXFileReference; lastKnownFileType = sourcecode.swift; path = MZPickerProtocol.swift; sourceTree = "<group>"; };
		6A66592A2775B160005A8925 /* MZPickerCell.swift */ = {isa = PBXFileReference; lastKnownFileType = sourcecode.swift; path = MZPickerCell.swift; sourceTree = "<group>"; };
		6A66592C277956C3005A8925 /* MZPickerController.swift */ = {isa = PBXFileReference; lastKnownFileType = sourcecode.swift; path = MZPickerController.swift; sourceTree = "<group>"; };
		6A66592E2779919B005A8925 /* MZPickerControllerProtocol.swift */ = {isa = PBXFileReference; lastKnownFileType = sourcecode.swift; path = MZPickerControllerProtocol.swift; sourceTree = "<group>"; };
		6A66593027799C75005A8925 /* MZDatePickerView.swift */ = {isa = PBXFileReference; lastKnownFileType = sourcecode.swift; path = MZDatePickerView.swift; sourceTree = "<group>"; };
		6A6659322779A789005A8925 /* MZDateUitl.swift */ = {isa = PBXFileReference; lastKnownFileType = sourcecode.swift; path = MZDateUitl.swift; sourceTree = "<group>"; };
		6A665934277AC065005A8925 /* MZDatePickerController.swift */ = {isa = PBXFileReference; lastKnownFileType = sourcecode.swift; path = MZDatePickerController.swift; sourceTree = "<group>"; };
		7EA2FFB3713C323FD9FE2350 /* Pods-MZDatePicker.release.xcconfig */ = {isa = PBXFileReference; includeInIndex = 1; lastKnownFileType = text.xcconfig; name = "Pods-MZDatePicker.release.xcconfig"; path = "Target Support Files/Pods-MZDatePicker/Pods-MZDatePicker.release.xcconfig"; sourceTree = "<group>"; };
		914F5344C60617438C3D3970 /* Pods_MZDatePicker.framework */ = {isa = PBXFileReference; explicitFileType = wrapper.framework; includeInIndex = 0; path = Pods_MZDatePicker.framework; sourceTree = BUILT_PRODUCTS_DIR; };
/* End PBXFileReference section */

/* Begin PBXFrameworksBuildPhase section */
		6A6659082775991A005A8925 /* Frameworks */ = {
			isa = PBXFrameworksBuildPhase;
			buildActionMask = 2147483647;
			files = (
				D2C158B0CD0E1FB69D3000A7 /* Pods_MZDatePicker.framework in Frameworks */,
			);
			runOnlyForDeploymentPostprocessing = 0;
		};
/* End PBXFrameworksBuildPhase section */

/* Begin PBXGroup section */
		6A6659022775991A005A8925 = {
			isa = PBXGroup;
			children = (
				6A66590D2775991A005A8925 /* MZDatePicker */,
				6A66590C2775991A005A8925 /* Products */,
				F5FF2879C2CCCE2ADC0B21A7 /* Pods */,
				7E716CBC089E45D7299E47D3 /* Frameworks */,
			);
			sourceTree = "<group>";
		};
		6A66590C2775991A005A8925 /* Products */ = {
			isa = PBXGroup;
			children = (
				6A66590B2775991A005A8925 /* MZDatePicker.app */,
			);
			name = Products;
			sourceTree = "<group>";
		};
		6A66590D2775991A005A8925 /* MZDatePicker */ = {
			isa = PBXGroup;
			children = (
				6A66592227759955005A8925 /* MZDatePicker */,
				6A66590E2775991A005A8925 /* AppDelegate.swift */,
				6A6659122775991A005A8925 /* ViewController.swift */,
				6A6659142775991A005A8925 /* Main.storyboard */,
				6A66591727759920005A8925 /* Assets.xcassets */,
				6A66591927759920005A8925 /* LaunchScreen.storyboard */,
				6A66591C27759920005A8925 /* Info.plist */,
			);
			path = MZDatePicker;
			sourceTree = "<group>";
		};
		6A66592227759955005A8925 /* MZDatePicker */ = {
			isa = PBXGroup;
			children = (
				6A6659232775995D005A8925 /* MZDatePicker.h */,
				6A6659282775ACCE005A8925 /* MZPickerProtocol.swift */,
				6A66592E2779919B005A8925 /* MZPickerControllerProtocol.swift */,
				6A6659322779A789005A8925 /* MZDateUitl.swift */,
				6A66592A2775B160005A8925 /* MZPickerCell.swift */,
				6A6659262775A34E005A8925 /* MZPickerView.swift */,
				6A66592C277956C3005A8925 /* MZPickerController.swift */,
				6A66593027799C75005A8925 /* MZDatePickerView.swift */,
				6A665934277AC065005A8925 /* MZDatePickerController.swift */,
			);
			path = MZDatePicker;
			sourceTree = "<group>";
		};
		7E716CBC089E45D7299E47D3 /* Frameworks */ = {
			isa = PBXGroup;
			children = (
				914F5344C60617438C3D3970 /* Pods_MZDatePicker.framework */,
			);
			name = Frameworks;
			sourceTree = "<group>";
		};
		F5FF2879C2CCCE2ADC0B21A7 /* Pods */ = {
			isa = PBXGroup;
			children = (
				57709D8244FFE358974E60AF /* Pods-MZDatePicker.debug.xcconfig */,
				7EA2FFB3713C323FD9FE2350 /* Pods-MZDatePicker.release.xcconfig */,
			);
			path = Pods;
			sourceTree = "<group>";
		};
/* End PBXGroup section */

/* Begin PBXNativeTarget section */
		6A66590A2775991A005A8925 /* MZDatePicker */ = {
			isa = PBXNativeTarget;
			buildConfigurationList = 6A66591F27759920005A8925 /* Build configuration list for PBXNativeTarget "MZDatePicker" */;
			buildPhases = (
				8F8A78B53559ECA57C6E0A7F /* [CP] Check Pods Manifest.lock */,
				6A6659072775991A005A8925 /* Sources */,
				6A6659082775991A005A8925 /* Frameworks */,
				6A6659092775991A005A8925 /* Resources */,
				C1145EA3289BB6161EAA64B3 /* [CP] Embed Pods Frameworks */,
			);
			buildRules = (
			);
			dependencies = (
			);
			name = MZDatePicker;
			productName = MZDatePicker;
			productReference = 6A66590B2775991A005A8925 /* MZDatePicker.app */;
			productType = "com.apple.product-type.application";
		};
/* End PBXNativeTarget section */

/* Begin PBXProject section */
		6A6659032775991A005A8925 /* Project object */ = {
			isa = PBXProject;
			attributes = {
				LastSwiftUpdateCheck = 1250;
				LastUpgradeCheck = 1250;
				TargetAttributes = {
					6A66590A2775991A005A8925 = {
						CreatedOnToolsVersion = 12.5.1;
					};
				};
			};
			buildConfigurationList = 6A6659062775991A005A8925 /* Build configuration list for PBXProject "MZDatePicker" */;
			compatibilityVersion = "Xcode 9.3";
			developmentRegion = en;
			hasScannedForEncodings = 0;
			knownRegions = (
				en,
				Base,
			);
			mainGroup = 6A6659022775991A005A8925;
			productRefGroup = 6A66590C2775991A005A8925 /* Products */;
			projectDirPath = "";
			projectRoot = "";
			targets = (
				6A66590A2775991A005A8925 /* MZDatePicker */,
			);
		};
/* End PBXProject section */

/* Begin PBXResourcesBuildPhase section */
		6A6659092775991A005A8925 /* Resources */ = {
			isa = PBXResourcesBuildPhase;
			buildActionMask = 2147483647;
			files = (
				6A66591B27759920005A8925 /* LaunchScreen.storyboard in Resources */,
				6A66591827759920005A8925 /* Assets.xcassets in Resources */,
				6A6659162775991A005A8925 /* Main.storyboard in Resources */,
			);
			runOnlyForDeploymentPostprocessing = 0;
		};
/* End PBXResourcesBuildPhase section */

/* Begin PBXShellScriptBuildPhase section */
		8F8A78B53559ECA57C6E0A7F /* [CP] Check Pods Manifest.lock */ = {
			isa = PBXShellScriptBuildPhase;
			buildActionMask = 2147483647;
			files = (
			);
			inputFileListPaths = (
			);
			inputPaths = (
				"${PODS_PODFILE_DIR_PATH}/Podfile.lock",
				"${PODS_ROOT}/Manifest.lock",
			);
			name = "[CP] Check Pods Manifest.lock";
			outputFileListPaths = (
			);
			outputPaths = (
				"$(DERIVED_FILE_DIR)/Pods-MZDatePicker-checkManifestLockResult.txt",
			);
			runOnlyForDeploymentPostprocessing = 0;
			shellPath = /bin/sh;
			shellScript = "diff \"${PODS_PODFILE_DIR_PATH}/Podfile.lock\" \"${PODS_ROOT}/Manifest.lock\" > /dev/null\nif [ $? != 0 ] ; then\n    # print error to STDERR\n    echo \"error: The sandbox is not in sync with the Podfile.lock. Run 'pod install' or update your CocoaPods installation.\" >&2\n    exit 1\nfi\n# This output is used by Xcode 'outputs' to avoid re-running this script phase.\necho \"SUCCESS\" > \"${SCRIPT_OUTPUT_FILE_0}\"\n";
			showEnvVarsInLog = 0;
		};
		C1145EA3289BB6161EAA64B3 /* [CP] Embed Pods Frameworks */ = {
			isa = PBXShellScriptBuildPhase;
			buildActionMask = 2147483647;
			files = (
			);
			inputFileListPaths = (
				"${PODS_ROOT}/Target Support Files/Pods-MZDatePicker/Pods-MZDatePicker-frameworks-${CONFIGURATION}-input-files.xcfilelist",
			);
			name = "[CP] Embed Pods Frameworks";
			outputFileListPaths = (
				"${PODS_ROOT}/Target Support Files/Pods-MZDatePicker/Pods-MZDatePicker-frameworks-${CONFIGURATION}-output-files.xcfilelist",
			);
			runOnlyForDeploymentPostprocessing = 0;
			shellPath = /bin/sh;
			shellScript = "\"${PODS_ROOT}/Target Support Files/Pods-MZDatePicker/Pods-MZDatePicker-frameworks.sh\"\n";
			showEnvVarsInLog = 0;
		};
/* End PBXShellScriptBuildPhase section */

/* Begin PBXSourcesBuildPhase section */
		6A6659072775991A005A8925 /* Sources */ = {
			isa = PBXSourcesBuildPhase;
			buildActionMask = 2147483647;
			files = (
				6A6659132775991A005A8925 /* ViewController.swift in Sources */,
				6A6659272775A34E005A8925 /* MZPickerView.swift in Sources */,
				6A66590F2775991A005A8925 /* AppDelegate.swift in Sources */,
				6A6659292775ACCE005A8925 /* MZPickerProtocol.swift in Sources */,
				6A6659332779A789005A8925 /* MZDateUitl.swift in Sources */,
				6A66592F2779919B005A8925 /* MZPickerControllerProtocol.swift in Sources */,
				6A665935277AC065005A8925 /* MZDatePickerController.swift in Sources */,
				6A66592B2775B160005A8925 /* MZPickerCell.swift in Sources */,
				6A66592D277956C4005A8925 /* MZPickerController.swift in Sources */,
				6A66593127799C75005A8925 /* MZDatePickerView.swift in Sources */,
			);
			runOnlyForDeploymentPostprocessing = 0;
		};
/* End PBXSourcesBuildPhase section */

/* Begin PBXVariantGroup section */
		6A6659142775991A005A8925 /* Main.storyboard */ = {
			isa = PBXVariantGroup;
			children = (
				6A6659152775991A005A8925 /* Base */,
			);
			name = Main.storyboard;
			sourceTree = "<group>";
		};
		6A66591927759920005A8925 /* LaunchScreen.storyboard */ = {
			isa = PBXVariantGroup;
			children = (
				6A66591A27759920005A8925 /* Base */,
			);
			name = LaunchScreen.storyboard;
			sourceTree = "<group>";
		};
/* End PBXVariantGroup section */

/* Begin XCBuildConfiguration section */
		6A66591D27759920005A8925 /* Debug */ = {
			isa = XCBuildConfiguration;
			buildSettings = {
				ALWAYS_SEARCH_USER_PATHS = NO;
				CLANG_ANALYZER_NONNULL = YES;
				CLANG_ANALYZER_NUMBER_OBJECT_CONVERSION = YES_AGGRESSIVE;
				CLANG_CXX_LANGUAGE_STANDARD = "gnu++14";
				CLANG_CXX_LIBRARY = "libc++";
				CLANG_ENABLE_MODULES = YES;
				CLANG_ENABLE_OBJC_ARC = YES;
				CLANG_ENABLE_OBJC_WEAK = YES;
				CLANG_WARN_BLOCK_CAPTURE_AUTORELEASING = YES;
				CLANG_WARN_BOOL_CONVERSION = YES;
				CLANG_WARN_COMMA = YES;
				CLANG_WARN_CONSTANT_CONVERSION = YES;
				CLANG_WARN_DEPRECATED_OBJC_IMPLEMENTATIONS = YES;
				CLANG_WARN_DIRECT_OBJC_ISA_USAGE = YES_ERROR;
				CLANG_WARN_DOCUMENTATION_COMMENTS = YES;
				CLANG_WARN_EMPTY_BODY = YES;
				CLANG_WARN_ENUM_CONVERSION = YES;
				CLANG_WARN_INFINITE_RECURSION = YES;
				CLANG_WARN_INT_CONVERSION = YES;
				CLANG_WARN_NON_LITERAL_NULL_CONVERSION = YES;
				CLANG_WARN_OBJC_IMPLICIT_RETAIN_SELF = YES;
				CLANG_WARN_OBJC_LITERAL_CONVERSION = YES;
				CLANG_WARN_OBJC_ROOT_CLASS = YES_ERROR;
				CLANG_WARN_QUOTED_INCLUDE_IN_FRAMEWORK_HEADER = YES;
				CLANG_WARN_RANGE_LOOP_ANALYSIS = YES;
				CLANG_WARN_STRICT_PROTOTYPES = YES;
				CLANG_WARN_SUSPICIOUS_MOVE = YES;
				CLANG_WARN_UNGUARDED_AVAILABILITY = YES_AGGRESSIVE;
				CLANG_WARN_UNREACHABLE_CODE = YES;
				CLANG_WARN__DUPLICATE_METHOD_MATCH = YES;
				COPY_PHASE_STRIP = NO;
				DEBUG_INFORMATION_FORMAT = dwarf;
				ENABLE_STRICT_OBJC_MSGSEND = YES;
				ENABLE_TESTABILITY = YES;
				GCC_C_LANGUAGE_STANDARD = gnu11;
				GCC_DYNAMIC_NO_PIC = NO;
				GCC_NO_COMMON_BLOCKS = YES;
				GCC_OPTIMIZATION_LEVEL = 0;
				GCC_PREPROCESSOR_DEFINITIONS = (
					"DEBUG=1",
					"$(inherited)",
				);
				GCC_WARN_64_TO_32_BIT_CONVERSION = YES;
				GCC_WARN_ABOUT_RETURN_TYPE = YES_ERROR;
				GCC_WARN_UNDECLARED_SELECTOR = YES;
				GCC_WARN_UNINITIALIZED_AUTOS = YES_AGGRESSIVE;
				GCC_WARN_UNUSED_FUNCTION = YES;
				GCC_WARN_UNUSED_VARIABLE = YES;
				IPHONEOS_DEPLOYMENT_TARGET = 14.5;
				MTL_ENABLE_DEBUG_INFO = INCLUDE_SOURCE;
				MTL_FAST_MATH = YES;
				ONLY_ACTIVE_ARCH = YES;
				SDKROOT = iphoneos;
				SWIFT_ACTIVE_COMPILATION_CONDITIONS = DEBUG;
				SWIFT_OPTIMIZATION_LEVEL = "-Onone";
			};
			name = Debug;
		};
		6A66591E27759920005A8925 /* Release */ = {
			isa = XCBuildConfiguration;
			buildSettings = {
				ALWAYS_SEARCH_USER_PATHS = NO;
				CLANG_ANALYZER_NONNULL = YES;
				CLANG_ANALYZER_NUMBER_OBJECT_CONVERSION = YES_AGGRESSIVE;
				CLANG_CXX_LANGUAGE_STANDARD = "gnu++14";
				CLANG_CXX_LIBRARY = "libc++";
				CLANG_ENABLE_MODULES = YES;
				CLANG_ENABLE_OBJC_ARC = YES;
				CLANG_ENABLE_OBJC_WEAK = YES;
				CLANG_WARN_BLOCK_CAPTURE_AUTORELEASING = YES;
				CLANG_WARN_BOOL_CONVERSION = YES;
				CLANG_WARN_COMMA = YES;
				CLANG_WARN_CONSTANT_CONVERSION = YES;
				CLANG_WARN_DEPRECATED_OBJC_IMPLEMENTATIONS = YES;
				CLANG_WARN_DIRECT_OBJC_ISA_USAGE = YES_ERROR;
				CLANG_WARN_DOCUMENTATION_COMMENTS = YES;
				CLANG_WARN_EMPTY_BODY = YES;
				CLANG_WARN_ENUM_CONVERSION = YES;
				CLANG_WARN_INFINITE_RECURSION = YES;
				CLANG_WARN_INT_CONVERSION = YES;
				CLANG_WARN_NON_LITERAL_NULL_CONVERSION = YES;
				CLANG_WARN_OBJC_IMPLICIT_RETAIN_SELF = YES;
				CLANG_WARN_OBJC_LITERAL_CONVERSION = YES;
				CLANG_WARN_OBJC_ROOT_CLASS = YES_ERROR;
				CLANG_WARN_QUOTED_INCLUDE_IN_FRAMEWORK_HEADER = YES;
				CLANG_WARN_RANGE_LOOP_ANALYSIS = YES;
				CLANG_WARN_STRICT_PROTOTYPES = YES;
				CLANG_WARN_SUSPICIOUS_MOVE = YES;
				CLANG_WARN_UNGUARDED_AVAILABILITY = YES_AGGRESSIVE;
				CLANG_WARN_UNREACHABLE_CODE = YES;
				CLANG_WARN__DUPLICATE_METHOD_MATCH = YES;
				COPY_PHASE_STRIP = NO;
				DEBUG_INFORMATION_FORMAT = "dwarf-with-dsym";
				ENABLE_NS_ASSERTIONS = NO;
				ENABLE_STRICT_OBJC_MSGSEND = YES;
				GCC_C_LANGUAGE_STANDARD = gnu11;
				GCC_NO_COMMON_BLOCKS = YES;
				GCC_WARN_64_TO_32_BIT_CONVERSION = YES;
				GCC_WARN_ABOUT_RETURN_TYPE = YES_ERROR;
				GCC_WARN_UNDECLARED_SELECTOR = YES;
				GCC_WARN_UNINITIALIZED_AUTOS = YES_AGGRESSIVE;
				GCC_WARN_UNUSED_FUNCTION = YES;
				GCC_WARN_UNUSED_VARIABLE = YES;
				IPHONEOS_DEPLOYMENT_TARGET = 14.5;
				MTL_ENABLE_DEBUG_INFO = NO;
				MTL_FAST_MATH = YES;
				SDKROOT = iphoneos;
				SWIFT_COMPILATION_MODE = wholemodule;
				SWIFT_OPTIMIZATION_LEVEL = "-O";
				VALIDATE_PRODUCT = YES;
			};
			name = Release;
		};
		6A66592027759920005A8925 /* Debug */ = {
			isa = XCBuildConfiguration;
			baseConfigurationReference = 57709D8244FFE358974E60AF /* Pods-MZDatePicker.debug.xcconfig */;
			buildSettings = {
				ASSETCATALOG_COMPILER_APPICON_NAME = AppIcon;
				ASSETCATALOG_COMPILER_GLOBAL_ACCENT_COLOR_NAME = AccentColor;
				CODE_SIGN_STYLE = Automatic;
				DEVELOPMENT_TEAM = 8JD3VFVV9F;
				INFOPLIST_FILE = MZDatePicker/Info.plist;
				IPHONEOS_DEPLOYMENT_TARGET = 9.0;
				LD_RUNPATH_SEARCH_PATHS = (
					"$(inherited)",
					"@executable_path/Frameworks",
				);
				MARKETING_VERSION = 1.0.0;
				PRODUCT_BUNDLE_IDENTIFIER = com.mz.MZDatePicker;
				PRODUCT_NAME = "$(TARGET_NAME)";
				SWIFT_VERSION = 5.0;
				TARGETED_DEVICE_FAMILY = 1;
			};
			name = Debug;
		};
		6A66592127759920005A8925 /* Release */ = {
			isa = XCBuildConfiguration;
			baseConfigurationReference = 7EA2FFB3713C323FD9FE2350 /* Pods-MZDatePicker.release.xcconfig */;
			buildSettings = {
				ASSETCATALOG_COMPILER_APPICON_NAME = AppIcon;
				ASSETCATALOG_COMPILER_GLOBAL_ACCENT_COLOR_NAME = AccentColor;
				CODE_SIGN_STYLE = Automatic;
				DEVELOPMENT_TEAM = 8JD3VFVV9F;
				INFOPLIST_FILE = MZDatePicker/Info.plist;
				IPHONEOS_DEPLOYMENT_TARGET = 9.0;
				LD_RUNPATH_SEARCH_PATHS = (
					"$(inherited)",
					"@executable_path/Frameworks",
				);
				MARKETING_VERSION = 1.0.0;
				PRODUCT_BUNDLE_IDENTIFIER = com.mz.MZDatePicker;
				PRODUCT_NAME = "$(TARGET_NAME)";
				SWIFT_VERSION = 5.0;
				TARGETED_DEVICE_FAMILY = 1;
			};
			name = Release;
		};
/* End XCBuildConfiguration section */

/* Begin XCConfigurationList section */
		6A6659062775991A005A8925 /* Build configuration list for PBXProject "MZDatePicker" */ = {
			isa = XCConfigurationList;
			buildConfigurations = (
				6A66591D27759920005A8925 /* Debug */,
				6A66591E27759920005A8925 /* Release */,
			);
			defaultConfigurationIsVisible = 0;
			defaultConfigurationName = Release;
		};
		6A66591F27759920005A8925 /* Build configuration list for PBXNativeTarget "MZDatePicker" */ = {
			isa = XCConfigurationList;
			buildConfigurations = (
				6A66592027759920005A8925 /* Debug */,
				6A66592127759920005A8925 /* Release */,
			);
			defaultConfigurationIsVisible = 0;
			defaultConfigurationName = Release;
		};
/* End XCConfigurationList section */
	};
	rootObject = 6A6659032775991A005A8925 /* Project object */;
}
